{
  "requires": true,
  "lockfileVersion": 1,
  "dependencies": {
    "@pqina/flip": {
      "version": "1.7.7",
      "resolved": "https://registry.npmjs.org/@pqina/flip/-/flip-1.7.7.tgz",
      "integrity": "sha512-PP2EPEm/iDflBSKHlJkTny5tM+tbaZwrtCDUhHyO8snpjwIivh3NgPzho03lJKFEKK4+KtIhWkUQraw3f1W6CA=="
    }
  }
}
